# This is a Gradle generated file for dependency locking.
# Manual edits can break the build and are not advised.
# This file is expected to be part of source control.
# To regenerate this file, run: ./gradlew :idl:dependencies --write-locks
org.apiguardian:apiguardian-api:1.1.2=integrationCompileClasspath,testCompileClasspath
org.checkerframework:checker-qual:3.55.1=integrationRuntimeClasspath,testRuntimeClasspath
org.commonmark:commonmark:0.24.0=integrationRuntimeClasspath,testRuntimeClasspath
org.jetbrains.kotlin:kotlin-build-tools-api:2.4.10=kotlinBuildToolsApiClasspath
org.jetbrains.kotlin:kotlin-build-tools-compat:2.4.10=kotlinBuildToolsApiClasspath
org.jetbrains.kotlin:kotlin-build-tools-cri-impl:2.4.10=kotlinBuildToolsApiClasspath
org.jetbrains.kotlin:kotlin-build-tools-impl:2.4.10=kotlinBuildToolsApiClasspath
org.jetbrains.kotlin:kotlin-compiler-embeddable:2.4.10=kotlinBuildToolsApiClasspath
org.jetbrains.kotlin:kotlin-compiler-runner:2.4.10=kotlinBuildToolsApiClasspath
org.jetbrains.kotlin:kotlin-daemon-client:2.4.10=kotlinBuildToolsApiClasspath
org.jetbrains.kotlin:kotlin-daemon-embeddable:2.4.10=kotlinBuildToolsApiClasspath
org.jetbrains.kotlin:kotlin-reflect:1.6.10=kotlinBuildToolsApiClasspath
org.jetbrains.kotlin:kotlin-script-runtime:2.4.10=kotlinBuildToolsApiClasspath,kotlinCompilerPluginClasspathIntegration,kotlinCompilerPluginClasspathMain,kotlinCompilerPluginClasspathTest
org.jetbrains.kotlin:kotlin-scripting-common:2.4.10=kotlinCompilerPluginClasspathIntegration,kotlinCompilerPluginClasspathMain,kotlinCompilerPluginClasspathTest
org.jetbrains.kotlin:kotlin-scripting-compiler-embeddable:2.4.10=kotlinCompilerPluginClasspathIntegration,kotlinCompilerPluginClasspathMain,kotlinCompilerPluginClasspathTest
org.jetbrains.kotlin:kotlin-scripting-compiler-impl-embeddable:2.4.10=kotlinCompilerPluginClasspathIntegration,kotlinCompilerPluginClasspathMain,kotlinCompilerPluginClasspathTest
org.jetbrains.kotlin:kotlin-scripting-jvm:2.4.10=kotlinCompilerPluginClasspathIntegration,kotlinCompilerPluginClasspathMain,kotlinCompilerPluginClasspathTest
org.jetbrains.kotlin:kotlin-stdlib:2.4.10=compileClasspath,integrationCompileClasspath,integrationRuntimeClasspath,kotlinBuildToolsApiClasspath,kotlinCompilerPluginClasspathIntegration,kotlinCompilerPluginClasspathMain,kotlinCompilerPluginClasspathTest,testCompileClasspath,testRuntimeClasspath
org.jetbrains.kotlin:kotlin-test-junit5:2.4.10=integrationCompileClasspath,integrationRuntimeClasspath,testCompileClasspath,testRuntimeClasspath
org.jetbrains.kotlin:kotlin-test:2.4.10=integrationCompileClasspath,integrationRuntimeClasspath,testCompileClasspath,testRuntimeClasspath
org.jetbrains.kotlin:kotlin-tooling-core:2.4.10=kotlinBuildToolsApiClasspath
org.jetbrains.kotlinx:kotlinx-coroutines-core-jvm:1.8.0=kotlinBuildToolsApiClasspath
org.jetbrains:annotations:13.0=compileClasspath,integrationCompileClasspath,integrationRuntimeClasspath,kotlinBuildToolsApiClasspath,kotlinCompilerPluginClasspathIntegration,kotlinCompilerPluginClasspathMain,kotlinCompilerPluginClasspathTest,testCompileClasspath,testRuntimeClasspath
org.junit.jupiter:junit-jupiter-api:5.10.1=integrationCompileClasspath,testCompileClasspath
org.junit.jupiter:junit-jupiter-api:5.13.4=integrationRuntimeClasspath,testRuntimeClasspath
org.junit.jupiter:junit-jupiter-engine:5.13.4=integrationRuntimeClasspath,testRuntimeClasspath
org.junit.platform:junit-platform-commons:1.10.1=integrationCompileClasspath,testCompileClasspath
org.junit.platform:junit-platform-commons:1.13.4=integrationRuntimeClasspath,testRuntimeClasspath
org.junit.platform:junit-platform-engine:1.13.4=integrationRuntimeClasspath,testRuntimeClasspath
org.junit.platform:junit-platform-launcher:1.13.4=integrationRuntimeClasspath,testRuntimeClasspath
org.junit:junit-bom:5.10.1=integrationCompileClasspath,testCompileClasspath
org.junit:junit-bom:5.13.4=integrationRuntimeClasspath,testRuntimeClasspath
org.opentest4j:opentest4j:1.3.0=integrationCompileClasspath,integrationRuntimeClasspath,testCompileClasspath,testRuntimeClasspath
org.postgresql:postgresql:42.7.13=integrationCompileClasspath,integrationRuntimeClasspath,testCompileClasspath,testRuntimeClasspath
org.yaml:snakeyaml:2.5=integrationRuntimeClasspath,testRuntimeClasspath
software.amazon.smithy:smithy-model:1.73.0=compileClasspath,integrationCompileClasspath,integrationRuntimeClasspath,testCompileClasspath,testRuntimeClasspath
software.amazon.smithy:smithy-utils:1.73.0=compileClasspath,integrationCompileClasspath,integrationRuntimeClasspath,testCompileClasspath,testRuntimeClasspath
empty=integrationKotlinScriptDefExtensions,kotlinScriptDefExtensions,testKotlinScriptDefExtensions
