lockFormat=2
wrapperVersion=3
toolVersion=0.3.0-alpha.2
windows-x86_64.url=https://api.github.com/repos/brule-io/taskctl/releases/assets/547765246
windows-x86_64.sha256=2922f715e64f9f27e3cd0b2de5e48a6fc3e89f1dd19accc8cc1cc3096202d31d
linux-x86_64.url=https://api.github.com/repos/brule-io/taskctl/releases/assets/547765245
linux-x86_64.sha256=6f8607c727e1cabfe00c680d0872aa74b4eb890cb37daf2b4bfb2b10f076d5a3
macos-aarch64.url=https://api.github.com/repos/brule-io/taskctl/releases/assets/547765243
macos-aarch64.sha256=1e4e6868286d64e37d1d4fbe2b352b02d91b6b7c12dcb481ed4cddb005b4a319
